
Microsoft Visual Studio Solution File, Format Version 12.00
# Visual Studio Version 16
VisualStudioVersion = 16.0.32106.194
MinimumVisualStudioVersion = 10.0.40219.1
Project("{FAE04EC0-301F-11D3-BF4B-00C04F79EFBC}") = "Sudoku solver", "Sudoku solver.csproj", "{68CA7ADA-E3C8-4FD5-89E2-8EF8487C7527}"
EndProject
Global
	GlobalSection(SolutionConfigurationPlatforms) = preSolution
		Debug|Any CPU = Debug|Any CPU
		Release|Any CPU = Release|Any CPU
	EndGlobalSection
	GlobalSection(ProjectConfigurationPlatforms) = postSolution
		{68CA7ADA-E3C8-4FD5-89E2-8EF8487C7527}.Debug|Any CPU.ActiveCfg = Debug|Any CPU
		{68CA7ADA-E3C8-4FD5-89E2-8EF8487C7527}.Debug|Any CPU.Build.0 = Debug|Any CPU
		{68CA7ADA-E3C8-4FD5-89E2-8EF8487C7527}.Release|Any CPU.ActiveCfg = Release|Any CPU
		{68CA7ADA-E3C8-4FD5-89E2-8EF8487C7527}.Release|Any CPU.Build.0 = Release|Any CPU
	EndGlobalSection
	GlobalSection(SolutionProperties) = preSolution
		HideSolutionNode = FALSE
	EndGlobalSection
	GlobalSection(ExtensibilityGlobals) = postSolution
		SolutionGuid = {3C0D80DE-3B65-4457-9FD4-9F15C216CF49}
	EndGlobalSection
EndGlobal
